
Microsoft Visual Studio Solution File, Format Version 12.00
# Visual Studio 15
VisualStudioVersion = 15.0.27428.2043
MinimumVisualStudioVersion = 10.0.40219.1
Project("{FAE04EC0-301F-11D3-BF4B-00C04F79EFBC}") = "SysInternshipManagement", "SysInternshipManagement\SysInternshipManagement.csproj", "{86901322-5F5E-4C0E-9371-25AA8DCD7453}"
EndProject
Global
	GlobalSection(SolutionConfigurationPlatforms) = preSolution
		Debug|Any CPU = Debug|Any CPU
		Release|Any CPU = Release|Any CPU
	EndGlobalSection
	GlobalSection(ProjectConfigurationPlatforms) = postSolution
		{86901322-5F5E-4C0E-9371-25AA8DCD7453}.Debug|Any CPU.ActiveCfg = Debug|Any CPU
		{86901322-5F5E-4C0E-9371-25AA8DCD7453}.Debug|Any CPU.Build.0 = Debug|Any CPU
		{86901322-5F5E-4C0E-9371-25AA8DCD7453}.Release|Any CPU.ActiveCfg = Release|Any CPU
		{86901322-5F5E-4C0E-9371-25AA8DCD7453}.Release|Any CPU.Build.0 = Release|Any CPU
	EndGlobalSection
	GlobalSection(SolutionProperties) = preSolution
		HideSolutionNode = FALSE
	EndGlobalSection
	GlobalSection(ExtensibilityGlobals) = postSolution
		SolutionGuid = {F90F63A4-E87D-4CA1-8FE1-853BBF0937CF}
	EndGlobalSection
EndGlobal
